
Microsoft Visual Studio Solution File, Format Version 12.00
# Visual Studio Version 16
VisualStudioVersion = 16.0.30517.126
MinimumVisualStudioVersion = 10.0.40219.1
Project("{FAE04EC0-301F-11D3-BF4B-00C04F79EFBC}") = "firstWebApp", "firstWebApp\firstWebApp.csproj", "{276E2584-B2E1-4C68-9195-6CE028204C76}"
EndProject
Global
	GlobalSection(SolutionConfigurationPlatforms) = preSolution
		Debug|Any CPU = Debug|Any CPU
		Release|Any CPU = Release|Any CPU
	EndGlobalSection
	GlobalSection(ProjectConfigurationPlatforms) = postSolution
		{276E2584-B2E1-4C68-9195-6CE028204C76}.Debug|Any CPU.ActiveCfg = Debug|Any CPU
		{276E2584-B2E1-4C68-9195-6CE028204C76}.Debug|Any CPU.Build.0 = Debug|Any CPU
		{276E2584-B2E1-4C68-9195-6CE028204C76}.Release|Any CPU.ActiveCfg = Release|Any CPU
		{276E2584-B2E1-4C68-9195-6CE028204C76}.Release|Any CPU.Build.0 = Release|Any CPU
	EndGlobalSection
	GlobalSection(SolutionProperties) = preSolution
		HideSolutionNode = FALSE
	EndGlobalSection
	GlobalSection(ExtensibilityGlobals) = postSolution
		SolutionGuid = {C23BCE5F-F186-4194-95CB-3521040928AF}
	EndGlobalSection
EndGlobal
